{
  "name": "ser-210-final",
  "version": "1.0.0",
  "lockfileVersion": 2,
  "requires": true,
  "packages": {
    "": {
      "name": "ser-210-final",
      "version": "1.0.0",
      "license": "ISC",
      "dependencies": {
        "@primer/octicons": "^17.1.0"
      }
    },
    "node_modules/@primer/octicons": {
      "version": "17.1.0",
      "resolved": "https://registry.npmjs.org/@primer/octicons/-/octicons-17.1.0.tgz",
      "integrity": "sha512-F/YH+WeLDeIVijC8xW3iwyrDEG3asbZSMP40uMI3TXk7HTAaVgziM9/ZXigsCARZjX2nVRvOT4JE0VN2C/5Q5A==",
      "dependencies": {
        "object-assign": "^4.1.1"
      }
    },
    "node_modules/object-assign": {
      "version": "4.1.1",
      "resolved": "https://registry.npmjs.org/object-assign/-/object-assign-4.1.1.tgz",
      "integrity": "sha1-IQmtx5ZYh8/AXLvUQsrIv7s2CGM=",
      "engines": {
        "node": ">=0.10.0"
      }
    }
  },
  "dependencies": {
    "@primer/octicons": {
      "version": "17.1.0",
      "resolved": "https://registry.npmjs.org/@primer/octicons/-/octicons-17.1.0.tgz",
      "integrity": "sha512-F/YH+WeLDeIVijC8xW3iwyrDEG3asbZSMP40uMI3TXk7HTAaVgziM9/ZXigsCARZjX2nVRvOT4JE0VN2C/5Q5A==",
      "requires": {
        "object-assign": "^4.1.1"
      }
    },
    "object-assign": {
      "version": "4.1.1",
      "resolved": "https://registry.npmjs.org/object-assign/-/object-assign-4.1.1.tgz",
      "integrity": "sha1-IQmtx5ZYh8/AXLvUQsrIv7s2CGM="
    }
  }
}
